
Microsoft Visual Studio Solution File, Format Version 12.00
# Visual Studio Version 16
VisualStudioVersion = 16.0.34031.81
MinimumVisualStudioVersion = 10.0.40219.1
Project("{FAE04EC0-301F-11D3-BF4B-00C04F79EFBC}") = "medidas", "medidas\medidas.csproj", "{40FED6DA-A2EF-432E-92D3-5F32E28D7F81}"
EndProject
Global
	GlobalSection(SolutionConfigurationPlatforms) = preSolution
		Debug|Any CPU = Debug|Any CPU
		Release|Any CPU = Release|Any CPU
	EndGlobalSection
	GlobalSection(ProjectConfigurationPlatforms) = postSolution
		{40FED6DA-A2EF-432E-92D3-5F32E28D7F81}.Debug|Any CPU.ActiveCfg = Debug|Any CPU
		{40FED6DA-A2EF-432E-92D3-5F32E28D7F81}.Debug|Any CPU.Build.0 = Debug|Any CPU
		{40FED6DA-A2EF-432E-92D3-5F32E28D7F81}.Release|Any CPU.ActiveCfg = Release|Any CPU
		{40FED6DA-A2EF-432E-92D3-5F32E28D7F81}.Release|Any CPU.Build.0 = Release|Any CPU
	EndGlobalSection
	GlobalSection(SolutionProperties) = preSolution
		HideSolutionNode = FALSE
	EndGlobalSection
	GlobalSection(ExtensibilityGlobals) = postSolution
		SolutionGuid = {B587490E-742A-4257-AF20-0DC6E9B7AAF0}
	EndGlobalSection
EndGlobal
